
Microsoft Visual Studio Solution File, Format Version 12.00
# Visual Studio Version 16
VisualStudioVersion = 16.0.30011.22
MinimumVisualStudioVersion = 10.0.40219.1
Project("{FAE04EC0-301F-11D3-BF4B-00C04F79EFBC}") = "forumclient", "forumclient\forumclient.csproj", "{B96BFC0A-9D6D-4165-A093-86E5773756D8}"
EndProject
Global
	GlobalSection(SolutionConfigurationPlatforms) = preSolution
		Debug|Any CPU = Debug|Any CPU
		Debug|x64 = Debug|x64
		Debug|x86 = Debug|x86
		Release|Any CPU = Release|Any CPU
		Release|x64 = Release|x64
		Release|x86 = Release|x86
	EndGlobalSection
	GlobalSection(ProjectConfigurationPlatforms) = postSolution
		{B96BFC0A-9D6D-4165-A093-86E5773756D8}.Debug|Any CPU.ActiveCfg = Debug|Any CPU
		{B96BFC0A-9D6D-4165-A093-86E5773756D8}.Debug|Any CPU.Build.0 = Debug|Any CPU
		{B96BFC0A-9D6D-4165-A093-86E5773756D8}.Debug|x64.ActiveCfg = Release|x64
		{B96BFC0A-9D6D-4165-A093-86E5773756D8}.Debug|x64.Build.0 = Release|x64
		{B96BFC0A-9D6D-4165-A093-86E5773756D8}.Debug|x86.ActiveCfg = Debug|x86
		{B96BFC0A-9D6D-4165-A093-86E5773756D8}.Debug|x86.Build.0 = Debug|x86
		{B96BFC0A-9D6D-4165-A093-86E5773756D8}.Release|Any CPU.ActiveCfg = Release|Any CPU
		{B96BFC0A-9D6D-4165-A093-86E5773756D8}.Release|Any CPU.Build.0 = Release|Any CPU
		{B96BFC0A-9D6D-4165-A093-86E5773756D8}.Release|x64.ActiveCfg = Release|x64
		{B96BFC0A-9D6D-4165-A093-86E5773756D8}.Release|x64.Build.0 = Release|x64
		{B96BFC0A-9D6D-4165-A093-86E5773756D8}.Release|x86.ActiveCfg = Release|x86
		{B96BFC0A-9D6D-4165-A093-86E5773756D8}.Release|x86.Build.0 = Release|x86
	EndGlobalSection
	GlobalSection(SolutionProperties) = preSolution
		HideSolutionNode = FALSE
	EndGlobalSection
	GlobalSection(ExtensibilityGlobals) = postSolution
		SolutionGuid = {42E6FB88-C09F-4B41-AB08-55A3CAF9471D}
	EndGlobalSection
EndGlobal
